
Microsoft Visual Studio Solution File, Format Version 12.00
# Visual Studio 15
VisualStudioVersion = 15.0.27428.2043
MinimumVisualStudioVersion = 10.0.40219.1
Project("{FAE04EC0-301F-11D3-BF4B-00C04F79EFBC}") = "AppLezione1", "AppLezione1\AppLezione1.csproj", "{CD37A447-0251-4D76-A0DA-AF8FE4212F75}"
EndProject
Global
	GlobalSection(SolutionConfigurationPlatforms) = preSolution
		Debug|Any CPU = Debug|Any CPU
		Release|Any CPU = Release|Any CPU
	EndGlobalSection
	GlobalSection(ProjectConfigurationPlatforms) = postSolution
		{CD37A447-0251-4D76-A0DA-AF8FE4212F75}.Debug|Any CPU.ActiveCfg = Debug|Any CPU
		{CD37A447-0251-4D76-A0DA-AF8FE4212F75}.Debug|Any CPU.Build.0 = Debug|Any CPU
		{CD37A447-0251-4D76-A0DA-AF8FE4212F75}.Release|Any CPU.ActiveCfg = Release|Any CPU
		{CD37A447-0251-4D76-A0DA-AF8FE4212F75}.Release|Any CPU.Build.0 = Release|Any CPU
	EndGlobalSection
	GlobalSection(SolutionProperties) = preSolution
		HideSolutionNode = FALSE
	EndGlobalSection
	GlobalSection(ExtensibilityGlobals) = postSolution
		SolutionGuid = {4ED85F41-89DF-4B1B-B571-955F7D95BC87}
	EndGlobalSection
EndGlobal
